
Microsoft Visual Studio Solution File, Format Version 12.00
# Visual Studio Version 16
VisualStudioVersion = 16.0.33027.164
MinimumVisualStudioVersion = 10.0.40219.1
Project("{FAE04EC0-301F-11D3-BF4B-00C04F79EFBC}") = "AXA_API", "AXA_API\AXA_API.csproj", "{0E8F0CA6-6FED-45F8-A343-0BA2D20E5E29}"
EndProject
Project("{2150E333-8FDC-42A3-9474-1A3956D46DE8}") = "Api", "Api", "{A7DD4D39-28CF-4D35-A52F-1D2EBA1C9528}"
EndProject
Project("{2150E333-8FDC-42A3-9474-1A3956D46DE8}") = "Libraries", "Libraries", "{C2D0E675-EDB3-4958-986E-7AB5B10A6365}"
EndProject
Project("{FAE04EC0-301F-11D3-BF4B-00C04F79EFBC}") = "AXA.BL", "..\Libraries\AXA.BL\AXA.BL.csproj", "{00E1CC63-58CE-49DD-BB9A-AE96F5FB91CE}"
EndProject
Project("{FAE04EC0-301F-11D3-BF4B-00C04F79EFBC}") = "AXA.DA", "..\Libraries\AXA.DA\AXA.DA.csproj", "{E7BA6E26-1068-4297-8CC3-C8C269B70B2C}"
EndProject
Project("{FAE04EC0-301F-11D3-BF4B-00C04F79EFBC}") = "AXA.Entities", "..\Libraries\AXA.Entities\AXA.Entities.csproj", "{BE32DCFB-950C-4C28-9389-7484EEB9D9E0}"
EndProject
Project("{2150E333-8FDC-42A3-9474-1A3956D46DE8}") = "Web", "Web", "{E6AF0750-25AE-48C9-9449-9D72F1C656FD}"
EndProject
Project("{FAE04EC0-301F-11D3-BF4B-00C04F79EFBC}") = "AXA_WEB", "AXA_WEB\AXA_WEB.csproj", "{7A44A591-CFC7-4A2A-8DDA-AD211B9CA61A}"
EndProject
Global
	GlobalSection(SolutionConfigurationPlatforms) = preSolution
		Debug|Any CPU = Debug|Any CPU
		Release|Any CPU = Release|Any CPU
	EndGlobalSection
	GlobalSection(ProjectConfigurationPlatforms) = postSolution
		{0E8F0CA6-6FED-45F8-A343-0BA2D20E5E29}.Debug|Any CPU.ActiveCfg = Debug|Any CPU
		{0E8F0CA6-6FED-45F8-A343-0BA2D20E5E29}.Debug|Any CPU.Build.0 = Debug|Any CPU
		{0E8F0CA6-6FED-45F8-A343-0BA2D20E5E29}.Release|Any CPU.ActiveCfg = Release|Any CPU
		{0E8F0CA6-6FED-45F8-A343-0BA2D20E5E29}.Release|Any CPU.Build.0 = Release|Any CPU
		{00E1CC63-58CE-49DD-BB9A-AE96F5FB91CE}.Debug|Any CPU.ActiveCfg = Debug|Any CPU
		{00E1CC63-58CE-49DD-BB9A-AE96F5FB91CE}.Debug|Any CPU.Build.0 = Debug|Any CPU
		{00E1CC63-58CE-49DD-BB9A-AE96F5FB91CE}.Release|Any CPU.ActiveCfg = Release|Any CPU
		{00E1CC63-58CE-49DD-BB9A-AE96F5FB91CE}.Release|Any CPU.Build.0 = Release|Any CPU
		{E7BA6E26-1068-4297-8CC3-C8C269B70B2C}.Debug|Any CPU.ActiveCfg = Debug|Any CPU
		{E7BA6E26-1068-4297-8CC3-C8C269B70B2C}.Debug|Any CPU.Build.0 = Debug|Any CPU
		{E7BA6E26-1068-4297-8CC3-C8C269B70B2C}.Release|Any CPU.ActiveCfg = Release|Any CPU
		{E7BA6E26-1068-4297-8CC3-C8C269B70B2C}.Release|Any CPU.Build.0 = Release|Any CPU
		{BE32DCFB-950C-4C28-9389-7484EEB9D9E0}.Debug|Any CPU.ActiveCfg = Debug|Any CPU
		{BE32DCFB-950C-4C28-9389-7484EEB9D9E0}.Debug|Any CPU.Build.0 = Debug|Any CPU
		{BE32DCFB-950C-4C28-9389-7484EEB9D9E0}.Release|Any CPU.ActiveCfg = Release|Any CPU
		{BE32DCFB-950C-4C28-9389-7484EEB9D9E0}.Release|Any CPU.Build.0 = Release|Any CPU
		{7A44A591-CFC7-4A2A-8DDA-AD211B9CA61A}.Debug|Any CPU.ActiveCfg = Debug|Any CPU
		{7A44A591-CFC7-4A2A-8DDA-AD211B9CA61A}.Debug|Any CPU.Build.0 = Debug|Any CPU
		{7A44A591-CFC7-4A2A-8DDA-AD211B9CA61A}.Release|Any CPU.ActiveCfg = Release|Any CPU
		{7A44A591-CFC7-4A2A-8DDA-AD211B9CA61A}.Release|Any CPU.Build.0 = Release|Any CPU
	EndGlobalSection
	GlobalSection(SolutionProperties) = preSolution
		HideSolutionNode = FALSE
	EndGlobalSection
	GlobalSection(NestedProjects) = preSolution
		{0E8F0CA6-6FED-45F8-A343-0BA2D20E5E29} = {A7DD4D39-28CF-4D35-A52F-1D2EBA1C9528}
		{00E1CC63-58CE-49DD-BB9A-AE96F5FB91CE} = {C2D0E675-EDB3-4958-986E-7AB5B10A6365}
		{E7BA6E26-1068-4297-8CC3-C8C269B70B2C} = {C2D0E675-EDB3-4958-986E-7AB5B10A6365}
		{BE32DCFB-950C-4C28-9389-7484EEB9D9E0} = {C2D0E675-EDB3-4958-986E-7AB5B10A6365}
		{7A44A591-CFC7-4A2A-8DDA-AD211B9CA61A} = {E6AF0750-25AE-48C9-9449-9D72F1C656FD}
	EndGlobalSection
	GlobalSection(ExtensibilityGlobals) = postSolution
		SolutionGuid = {2A3D3B00-DD34-4CFE-A3FE-00949894CE17}
	EndGlobalSection
EndGlobal
